
Microsoft Visual Studio Solution File, Format Version 12.00
# Visual Studio Version 17
VisualStudioVersion = 17.4.33213.308
MinimumVisualStudioVersion = 10.0.40219.1
Project("{FAE04EC0-301F-11D3-BF4B-00C04F79EFBC}") = "SistemaDeTarefa", "SistemaDeTarefa\SistemaDeTarefa.csproj", "{C589DC04-C173-45A8-93AA-38BC4E916AFE}"
EndProject
Global
	GlobalSection(SolutionConfigurationPlatforms) = preSolution
		Debug|Any CPU = Debug|Any CPU
		Release|Any CPU = Release|Any CPU
	EndGlobalSection
	GlobalSection(ProjectConfigurationPlatforms) = postSolution
		{C589DC04-C173-45A8-93AA-38BC4E916AFE}.Debug|Any CPU.ActiveCfg = Debug|Any CPU
		{C589DC04-C173-45A8-93AA-38BC4E916AFE}.Debug|Any CPU.Build.0 = Debug|Any CPU
		{C589DC04-C173-45A8-93AA-38BC4E916AFE}.Release|Any CPU.ActiveCfg = Release|Any CPU
		{C589DC04-C173-45A8-93AA-38BC4E916AFE}.Release|Any CPU.Build.0 = Release|Any CPU
	EndGlobalSection
	GlobalSection(SolutionProperties) = preSolution
		HideSolutionNode = FALSE
	EndGlobalSection
	GlobalSection(ExtensibilityGlobals) = postSolution
		SolutionGuid = {4BC76FB6-8761-4814-9E77-3C4FA15B6007}
	EndGlobalSection
EndGlobal
